
Microsoft Visual Studio Solution File, Format Version 12.00
# Visual Studio Version 16
VisualStudioVersion = 16.0.31624.102
MinimumVisualStudioVersion = 10.0.40219.1
Project("{FAE04EC0-301F-11D3-BF4B-00C04F79EFBC}") = "Calculadora", "Calculadora\Calculadora.csproj", "{9EB7D321-A81F-4DBB-9F73-C2F34AC8011A}"
EndProject
Global
	GlobalSection(SolutionConfigurationPlatforms) = preSolution
		Debug|Any CPU = Debug|Any CPU
		Release|Any CPU = Release|Any CPU
	EndGlobalSection
	GlobalSection(ProjectConfigurationPlatforms) = postSolution
		{9EB7D321-A81F-4DBB-9F73-C2F34AC8011A}.Debug|Any CPU.ActiveCfg = Debug|Any CPU
		{9EB7D321-A81F-4DBB-9F73-C2F34AC8011A}.Debug|Any CPU.Build.0 = Debug|Any CPU
		{9EB7D321-A81F-4DBB-9F73-C2F34AC8011A}.Release|Any CPU.ActiveCfg = Release|Any CPU
		{9EB7D321-A81F-4DBB-9F73-C2F34AC8011A}.Release|Any CPU.Build.0 = Release|Any CPU
	EndGlobalSection
	GlobalSection(SolutionProperties) = preSolution
		HideSolutionNode = FALSE
	EndGlobalSection
	GlobalSection(ExtensibilityGlobals) = postSolution
		SolutionGuid = {1A7CCF80-0882-4064-908B-6ACAAB6C82D5}
	EndGlobalSection
EndGlobal
